
Microsoft Visual Studio Solution File, Format Version 12.00
# Visual Studio Version 17
VisualStudioVersion = 17.0.31612.314
MinimumVisualStudioVersion = 10.0.40219.1
Project("{9A19103F-16F7-4668-BE54-9A1E7A4F7556}") = "ScamWatch", "ScamWatch\ScamWatch.csproj", "{FB784E84-E585-4889-840F-03A0366B265C}"
EndProject
Project("{FAE04EC0-301F-11D3-BF4B-00C04F79EFBC}") = "Business", "Business\Business.csproj", "{627C7CC7-0486-4075-9A62-2B4DEF3FBC1A}"
EndProject
Project("{FAE04EC0-301F-11D3-BF4B-00C04F79EFBC}") = "Business.Tests", "Business.Tests\Business.Tests.csproj", "{F7B55DCF-1795-4265-9F35-9BB801F32EB9}"
EndProject
Global
	GlobalSection(SolutionConfigurationPlatforms) = preSolution
		Debug|Any CPU = Debug|Any CPU
		Release|Any CPU = Release|Any CPU
	EndGlobalSection
	GlobalSection(ProjectConfigurationPlatforms) = postSolution
		{FB784E84-E585-4889-840F-03A0366B265C}.Debug|Any CPU.ActiveCfg = Debug|Any CPU
		{FB784E84-E585-4889-840F-03A0366B265C}.Debug|Any CPU.Build.0 = Debug|Any CPU
		{FB784E84-E585-4889-840F-03A0366B265C}.Debug|Any CPU.Deploy.0 = Debug|Any CPU
		{FB784E84-E585-4889-840F-03A0366B265C}.Release|Any CPU.ActiveCfg = Release|Any CPU
		{FB784E84-E585-4889-840F-03A0366B265C}.Release|Any CPU.Build.0 = Release|Any CPU
		{FB784E84-E585-4889-840F-03A0366B265C}.Release|Any CPU.Deploy.0 = Release|Any CPU
		{627C7CC7-0486-4075-9A62-2B4DEF3FBC1A}.Debug|Any CPU.ActiveCfg = Debug|Any CPU
		{627C7CC7-0486-4075-9A62-2B4DEF3FBC1A}.Debug|Any CPU.Build.0 = Debug|Any CPU
		{627C7CC7-0486-4075-9A62-2B4DEF3FBC1A}.Release|Any CPU.ActiveCfg = Release|Any CPU
		{627C7CC7-0486-4075-9A62-2B4DEF3FBC1A}.Release|Any CPU.Build.0 = Release|Any CPU
		{F7B55DCF-1795-4265-9F35-9BB801F32EB9}.Debug|Any CPU.ActiveCfg = Debug|Any CPU
		{F7B55DCF-1795-4265-9F35-9BB801F32EB9}.Debug|Any CPU.Build.0 = Debug|Any CPU
		{F7B55DCF-1795-4265-9F35-9BB801F32EB9}.Release|Any CPU.ActiveCfg = Release|Any CPU
		{F7B55DCF-1795-4265-9F35-9BB801F32EB9}.Release|Any CPU.Build.0 = Release|Any CPU
	EndGlobalSection
	GlobalSection(SolutionProperties) = preSolution
		HideSolutionNode = FALSE
	EndGlobalSection
	GlobalSection(ExtensibilityGlobals) = postSolution
		SolutionGuid = {61F7FB11-1E47-470C-91E2-47F8143E1572}
	EndGlobalSection
EndGlobal
