
Microsoft Visual Studio Solution File, Format Version 12.00
# Visual Studio Version 17
VisualStudioVersion = 17.0.31710.8
MinimumVisualStudioVersion = 10.0.40219.1
Project("{9A19103F-16F7-4668-BE54-9A1E7A4F7556}") = "ScamWatch", "ScamWatch\ScamWatch.csproj", "{AE9B03EE-4814-40AE-9D0E-F5947C5F8BAD}"
EndProject
Project("{9A19103F-16F7-4668-BE54-9A1E7A4F7556}") = "Business", "Business\Business.csproj", "{B005FBC3-4B46-42F6-902D-D46459874FA6}"
EndProject
Project("{9A19103F-16F7-4668-BE54-9A1E7A4F7556}") = "Business.Tests", "Business.Tests\Business.Tests.csproj", "{227590E3-236F-47BC-BB11-CF5F37DBC210}"
EndProject
Global
	GlobalSection(SolutionConfigurationPlatforms) = preSolution
		Debug|Any CPU = Debug|Any CPU
		Debug|x86 = Debug|x86
		Release|Any CPU = Release|Any CPU
		Release|x86 = Release|x86
	EndGlobalSection
	GlobalSection(ProjectConfigurationPlatforms) = postSolution
		{AE9B03EE-4814-40AE-9D0E-F5947C5F8BAD}.Debug|Any CPU.ActiveCfg = Debug|Any CPU
		{AE9B03EE-4814-40AE-9D0E-F5947C5F8BAD}.Debug|Any CPU.Build.0 = Debug|Any CPU
		{AE9B03EE-4814-40AE-9D0E-F5947C5F8BAD}.Debug|Any CPU.Deploy.0 = Debug|Any CPU
		{AE9B03EE-4814-40AE-9D0E-F5947C5F8BAD}.Debug|x86.ActiveCfg = Debug|Any CPU
		{AE9B03EE-4814-40AE-9D0E-F5947C5F8BAD}.Debug|x86.Build.0 = Debug|Any CPU
		{AE9B03EE-4814-40AE-9D0E-F5947C5F8BAD}.Debug|x86.Deploy.0 = Debug|Any CPU
		{AE9B03EE-4814-40AE-9D0E-F5947C5F8BAD}.Release|Any CPU.ActiveCfg = Release|Any CPU
		{AE9B03EE-4814-40AE-9D0E-F5947C5F8BAD}.Release|Any CPU.Build.0 = Release|Any CPU
		{AE9B03EE-4814-40AE-9D0E-F5947C5F8BAD}.Release|Any CPU.Deploy.0 = Release|Any CPU
		{AE9B03EE-4814-40AE-9D0E-F5947C5F8BAD}.Release|x86.ActiveCfg = Release|Any CPU
		{AE9B03EE-4814-40AE-9D0E-F5947C5F8BAD}.Release|x86.Build.0 = Release|Any CPU
		{AE9B03EE-4814-40AE-9D0E-F5947C5F8BAD}.Release|x86.Deploy.0 = Release|Any CPU
		{B005FBC3-4B46-42F6-902D-D46459874FA6}.Debug|Any CPU.ActiveCfg = Debug|Any CPU
		{B005FBC3-4B46-42F6-902D-D46459874FA6}.Debug|Any CPU.Build.0 = Debug|Any CPU
		{B005FBC3-4B46-42F6-902D-D46459874FA6}.Debug|x86.ActiveCfg = Debug|Any CPU
		{B005FBC3-4B46-42F6-902D-D46459874FA6}.Debug|x86.Build.0 = Debug|Any CPU
		{B005FBC3-4B46-42F6-902D-D46459874FA6}.Release|Any CPU.ActiveCfg = Release|Any CPU
		{B005FBC3-4B46-42F6-902D-D46459874FA6}.Release|Any CPU.Build.0 = Release|Any CPU
		{B005FBC3-4B46-42F6-902D-D46459874FA6}.Release|x86.ActiveCfg = Release|x86
		{B005FBC3-4B46-42F6-902D-D46459874FA6}.Release|x86.Build.0 = Release|x86
		{227590E3-236F-47BC-BB11-CF5F37DBC210}.Debug|Any CPU.ActiveCfg = Debug|Any CPU
		{227590E3-236F-47BC-BB11-CF5F37DBC210}.Debug|Any CPU.Build.0 = Debug|Any CPU
		{227590E3-236F-47BC-BB11-CF5F37DBC210}.Debug|x86.ActiveCfg = Debug|x86
		{227590E3-236F-47BC-BB11-CF5F37DBC210}.Debug|x86.Build.0 = Debug|x86
		{227590E3-236F-47BC-BB11-CF5F37DBC210}.Release|Any CPU.ActiveCfg = Release|Any CPU
		{227590E3-236F-47BC-BB11-CF5F37DBC210}.Release|Any CPU.Build.0 = Release|Any CPU
		{227590E3-236F-47BC-BB11-CF5F37DBC210}.Release|x86.ActiveCfg = Release|Any CPU
		{227590E3-236F-47BC-BB11-CF5F37DBC210}.Release|x86.Build.0 = Release|Any CPU
	EndGlobalSection
	GlobalSection(SolutionProperties) = preSolution
		HideSolutionNode = FALSE
	EndGlobalSection
	GlobalSection(ExtensibilityGlobals) = postSolution
		SolutionGuid = {979ADB21-3039-497E-B82D-539DBEC8134C}
	EndGlobalSection
EndGlobal
